
Microsoft Visual Studio Solution File, Format Version 12.00
# Visual Studio 2013
VisualStudioVersion = 12.0.40629.0
MinimumVisualStudioVersion = 10.0.40219.1
Project("{FAE04EC0-301F-11D3-BF4B-00C04F79EFBC}") = "StateWeb", "StateWeb\StateWeb.csproj", "{46081175-E80D-4D65-9B3D-60C27E0A09D2}"
EndProject
Project("{2150E333-8FDC-42A3-9474-1A3956D46DE8}") = "Solution Items", "Solution Items", "{C510A2C6-DC36-49E0-A8E5-A3B0EAE88A32}"
	ProjectSection(SolutionItems) = preProject
		StateWeb.testsettings = StateWeb.testsettings
	EndProjectSection
EndProject
Project("{2150E333-8FDC-42A3-9474-1A3956D46DE8}") = ".nuget", ".nuget", "{A05A6E7C-2F20-4731-B68C-D5FC09655B79}"
EndProject
Global
	GlobalSection(SolutionConfigurationPlatforms) = preSolution
		Debug|Any CPU = Debug|Any CPU
		Release|Any CPU = Release|Any CPU
	EndGlobalSection
	GlobalSection(ProjectConfigurationPlatforms) = postSolution
		{46081175-E80D-4D65-9B3D-60C27E0A09D2}.Debug|Any CPU.ActiveCfg = Debug|Any CPU
		{46081175-E80D-4D65-9B3D-60C27E0A09D2}.Debug|Any CPU.Build.0 = Debug|Any CPU
		{46081175-E80D-4D65-9B3D-60C27E0A09D2}.Release|Any CPU.ActiveCfg = Release|Any CPU
		{46081175-E80D-4D65-9B3D-60C27E0A09D2}.Release|Any CPU.Build.0 = Release|Any CPU
	EndGlobalSection
	GlobalSection(SolutionProperties) = preSolution
		HideSolutionNode = FALSE
	EndGlobalSection
EndGlobal
